// !$*UTF8*$!
{
	archiveVersion = 1;
	classes = {
	};
	objectVersion = 46;
	objects = {

/* Begin PBXBuildFile section */
		768B5FAC1A412D8100A89D1D /* AppDelegate.swift in Sources */ = {isa = PBXBuildFile; fileRef = 768B5FAB1A412D8100A89D1D /* AppDelegate.swift */; };
		768B5FAE1A412D8100A89D1D /* ViewController.swift in Sources */ = {isa = PBXBuildFile; fileRef = 768B5FAD1A412D8100A89D1D /* ViewController.swift */; };
		768B5FB11A412D8100A89D1D /* Main.storyboard in Resources */ = {isa = PBXBuildFile; fileRef = 768B5FAF1A412D8100A89D1D /* Main.storyboard */; };
		768B5FB31A412D8100A89D1D /* Images.xcassets in Resources */ = {isa = PBXBuildFile; fileRef = 768B5FB21A412D8100A89D1D /* Images.xcassets */; };
		768B5FB61A412D8100A89D1D /* LaunchScreen.xib in Resources */ = {isa = PBXBuildFile; fileRef = 768B5FB41A412D8100A89D1D /* LaunchScreen.xib */; };
		768B5FC21A412D8100A89D1D /* hello_watchkitTests.swift in Sources */ = {isa = PBXBuildFile; fileRef = 768B5FC11A412D8100A89D1D /* hello_watchkitTests.swift */; };
		768B5FD41A412DC900A89D1D /* InterfaceController.swift in Sources */ = {isa = PBXBuildFile; fileRef = 768B5FD31A412DC900A89D1D /* InterfaceController.swift */; };
		768B5FD61A412DC900A89D1D /* Images.xcassets in Resources */ = {isa = PBXBuildFile; fileRef = 768B5FD51A412DC900A89D1D /* Images.xcassets */; };
		768B5FDA1A412DC900A89D1D /* hello-watchkit WatchKit App.app in Resources */ = {isa = PBXBuildFile; fileRef = 768B5FD91A412DC900A89D1D /* hello-watchkit WatchKit App.app */; };
		768B5FE11A412DC900A89D1D /* Interface.storyboard in Resources */ = {isa = PBXBuildFile; fileRef = 768B5FE01A412DC900A89D1D /* Interface.storyboard */; };
		768B5FE31A412DC900A89D1D /* Images.xcassets in Resources */ = {isa = PBXBuildFile; fileRef = 768B5FE21A412DC900A89D1D /* Images.xcassets */; };
		768B5FE61A412DC900A89D1D /* hello-watchkit WatchKit Extension.appex in Embed App Extensions */ = {isa = PBXBuildFile; fileRef = 768B5FCF1A412DC900A89D1D /* hello-watchkit WatchKit Extension.appex */; settings = {ATTRIBUTES = (RemoveHeadersOnCopy, ); }; };
		768B5FEF1A412FE100A89D1D /* MapInterfaceController.swift in Sources */ = {isa = PBXBuildFile; fileRef = 768B5FEE1A412FE100A89D1D /* MapInterfaceController.swift */; };
		768B5FF11A41344300A89D1D /* FeatureInterfaceController.swift in Sources */ = {isa = PBXBuildFile; fileRef = 768B5FF01A41344300A89D1D /* FeatureInterfaceController.swift */; };
		768B5FF31A4139E500A89D1D /* MinionRowController.swift in Sources */ = {isa = PBXBuildFile; fileRef = 768B5FF21A4139E500A89D1D /* MinionRowController.swift */; };
		768B5FF71A413B7900A89D1D /* TableInterfaceController.swift in Sources */ = {isa = PBXBuildFile; fileRef = 768B5FF61A413B7900A89D1D /* TableInterfaceController.swift */; };
		76F0E7431A413F0800F474BB /* MinionDetailsInterfaceController.swift in Sources */ = {isa = PBXBuildFile; fileRef = 76F0E7421A413F0800F474BB /* MinionDetailsInterfaceController.swift */; };
/* End PBXBuildFile section */

/* Begin PBXContainerItemProxy section */
		768B5FBC1A412D8100A89D1D /* PBXContainerItemProxy */ = {
			isa = PBXContainerItemProxy;
			containerPortal = 768B5F9E1A412D8100A89D1D /* Project object */;
			proxyType = 1;
			remoteGlobalIDString = 768B5FA51A412D8100A89D1D;
			remoteInfo = "hello-watchkit";
		};
		768B5FDB1A412DC900A89D1D /* PBXContainerItemProxy */ = {
			isa = PBXContainerItemProxy;
			containerPortal = 768B5F9E1A412D8100A89D1D /* Project object */;
			proxyType = 1;
			remoteGlobalIDString = 768B5FD81A412DC900A89D1D;
			remoteInfo = "hello-watchkit WatchKit App";
		};
		768B5FE41A412DC900A89D1D /* PBXContainerItemProxy */ = {
			isa = PBXContainerItemProxy;
			containerPortal = 768B5F9E1A412D8100A89D1D /* Project object */;
			proxyType = 1;
			remoteGlobalIDString = 768B5FCE1A412DC900A89D1D;
			remoteInfo = "hello-watchkit WatchKit Extension";
		};
/* End PBXContainerItemProxy section */

/* Begin PBXCopyFilesBuildPhase section */
		768B5FED1A412DCA00A89D1D /* Embed App Extensions */ = {
			isa = PBXCopyFilesBuildPhase;
			buildActionMask = 2147483647;
			dstPath = "";
			dstSubfolderSpec = 13;
			files = (
				768B5FE61A412DC900A89D1D /* hello-watchkit WatchKit Extension.appex in Embed App Extensions */,
			);
			name = "Embed App Extensions";
			runOnlyForDeploymentPostprocessing = 0;
		};
/* End PBXCopyFilesBuildPhase section */

/* Begin PBXFileReference section */
		768B5FA61A412D8100A89D1D /* hello-watchkit.app */ = {isa = PBXFileReference; explicitFileType = wrapper.application; includeInIndex = 0; path = "hello-watchkit.app"; sourceTree = BUILT_PRODUCTS_DIR; };
		768B5FAA1A412D8100A89D1D /* Info.plist */ = {isa = PBXFileReference; lastKnownFileType = text.plist.xml; path = Info.plist; sourceTree = "<group>"; };
		768B5FAB1A412D8100A89D1D /* AppDelegate.swift */ = {isa = PBXFileReference; lastKnownFileType = sourcecode.swift; path = AppDelegate.swift; sourceTree = "<group>"; };
		768B5FAD1A412D8100A89D1D /* ViewController.swift */ = {isa = PBXFileReference; lastKnownFileType = sourcecode.swift; path = ViewController.swift; sourceTree = "<group>"; };
		768B5FB01A412D8100A89D1D /* Base */ = {isa = PBXFileReference; lastKnownFileType = file.storyboard; name = Base; path = Base.lproj/Main.storyboard; sourceTree = "<group>"; };
		768B5FB21A412D8100A89D1D /* Images.xcassets */ = {isa = PBXFileReference; lastKnownFileType = folder.assetcatalog; path = Images.xcassets; sourceTree = "<group>"; };
		768B5FB51A412D8100A89D1D /* Base */ = {isa = PBXFileReference; lastKnownFileType = file.xib; name = Base; path = Base.lproj/LaunchScreen.xib; sourceTree = "<group>"; };
		768B5FBB1A412D8100A89D1D /* hello-watchkitTests.xctest */ = {isa = PBXFileReference; explicitFileType = wrapper.cfbundle; includeInIndex = 0; path = "hello-watchkitTests.xctest"; sourceTree = BUILT_PRODUCTS_DIR; };
		768B5FC01A412D8100A89D1D /* Info.plist */ = {isa = PBXFileReference; lastKnownFileType = text.plist.xml; path = Info.plist; sourceTree = "<group>"; };
		768B5FC11A412D8100A89D1D /* hello_watchkitTests.swift */ = {isa = PBXFileReference; lastKnownFileType = sourcecode.swift; path = hello_watchkitTests.swift; sourceTree = "<group>"; };
		768B5FCF1A412DC900A89D1D /* hello-watchkit WatchKit Extension.appex */ = {isa = PBXFileReference; explicitFileType = "wrapper.app-extension"; includeInIndex = 0; path = "hello-watchkit WatchKit Extension.appex"; sourceTree = BUILT_PRODUCTS_DIR; };
		768B5FD21A412DC900A89D1D /* Info.plist */ = {isa = PBXFileReference; lastKnownFileType = text.plist.xml; path = Info.plist; sourceTree = "<group>"; };
		768B5FD31A412DC900A89D1D /* InterfaceController.swift */ = {isa = PBXFileReference; lastKnownFileType = sourcecode.swift; path = InterfaceController.swift; sourceTree = "<group>"; };
		768B5FD51A412DC900A89D1D /* Images.xcassets */ = {isa = PBXFileReference; lastKnownFileType = folder.assetcatalog; path = Images.xcassets; sourceTree = "<group>"; };
		768B5FD91A412DC900A89D1D /* hello-watchkit WatchKit App.app */ = {isa = PBXFileReference; explicitFileType = wrapper.application; includeInIndex = 0; path = "hello-watchkit WatchKit App.app"; sourceTree = BUILT_PRODUCTS_DIR; };
		768B5FDF1A412DC900A89D1D /* Info.plist */ = {isa = PBXFileReference; lastKnownFileType = text.plist.xml; path = Info.plist; sourceTree = "<group>"; };
		768B5FE01A412DC900A89D1D /* Interface.storyboard */ = {isa = PBXFileReference; lastKnownFileType = file.storyboard; path = Interface.storyboard; sourceTree = "<group>"; };
		768B5FE21A412DC900A89D1D /* Images.xcassets */ = {isa = PBXFileReference; lastKnownFileType = folder.assetcatalog; path = Images.xcassets; sourceTree = "<group>"; };
		768B5FEE1A412FE100A89D1D /* MapInterfaceController.swift */ = {isa = PBXFileReference; fileEncoding = 4; lastKnownFileType = sourcecode.swift; path = MapInterfaceController.swift; sourceTree = "<group>"; };
		768B5FF01A41344300A89D1D /* FeatureInterfaceController.swift */ = {isa = PBXFileReference; fileEncoding = 4; lastKnownFileType = sourcecode.swift; path = FeatureInterfaceController.swift; sourceTree = "<group>"; };
		768B5FF21A4139E500A89D1D /* MinionRowController.swift */ = {isa = PBXFileReference; fileEncoding = 4; lastKnownFileType = sourcecode.swift; path = MinionRowController.swift; sourceTree = "<group>"; };
		768B5FF61A413B7900A89D1D /* TableInterfaceController.swift */ = {isa = PBXFileReference; fileEncoding = 4; lastKnownFileType = sourcecode.swift; path = TableInterfaceController.swift; sourceTree = "<group>"; };
		76F0E7421A413F0800F474BB /* MinionDetailsInterfaceController.swift */ = {isa = PBXFileReference; fileEncoding = 4; lastKnownFileType = sourcecode.swift; path = MinionDetailsInterfaceController.swift; sourceTree = "<group>"; };
/* End PBXFileReference section */

/* Begin PBXFrameworksBuildPhase section */
		768B5FA31A412D8100A89D1D /* Frameworks */ = {
			isa = PBXFrameworksBuildPhase;
			buildActionMask = 2147483647;
			files = (
			);
			runOnlyForDeploymentPostprocessing = 0;
		};
		768B5FB81A412D8100A89D1D /* Frameworks */ = {
			isa = PBXFrameworksBuildPhase;
			buildActionMask = 2147483647;
			files = (
			);
			runOnlyForDeploymentPostprocessing = 0;
		};
		768B5FCC1A412DC900A89D1D /* Frameworks */ = {
			isa = PBXFrameworksBuildPhase;
			buildActionMask = 2147483647;
			files = (
			);
			runOnlyForDeploymentPostprocessing = 0;
		};
/* End PBXFrameworksBuildPhase section */

/* Begin PBXGroup section */
		768B5F9D1A412D8100A89D1D = {
			isa = PBXGroup;
			children = (
				768B5FA81A412D8100A89D1D /* hello-watchkit */,
				768B5FBE1A412D8100A89D1D /* hello-watchkitTests */,
				768B5FD01A412DC900A89D1D /* hello-watchkit WatchKit Extension */,
				768B5FDD1A412DC900A89D1D /* hello-watchkit WatchKit App */,
				768B5FA71A412D8100A89D1D /* Products */,
			);
			sourceTree = "<group>";
		};
		768B5FA71A412D8100A89D1D /* Products */ = {
			isa = PBXGroup;
			children = (
				768B5FA61A412D8100A89D1D /* hello-watchkit.app */,
				768B5FBB1A412D8100A89D1D /* hello-watchkitTests.xctest */,
				768B5FCF1A412DC900A89D1D /* hello-watchkit WatchKit Extension.appex */,
				768B5FD91A412DC900A89D1D /* hello-watchkit WatchKit App.app */,
			);
			name = Products;
			sourceTree = "<group>";
		};
		768B5FA81A412D8100A89D1D /* hello-watchkit */ = {
			isa = PBXGroup;
			children = (
				768B5FAB1A412D8100A89D1D /* AppDelegate.swift */,
				768B5FAD1A412D8100A89D1D /* ViewController.swift */,
				768B5FAF1A412D8100A89D1D /* Main.storyboard */,
				768B5FB21A412D8100A89D1D /* Images.xcassets */,
				768B5FB41A412D8100A89D1D /* LaunchScreen.xib */,
				768B5FA91A412D8100A89D1D /* Supporting Files */,
			);
			path = "hello-watchkit";
			sourceTree = "<group>";
		};
		768B5FA91A412D8100A89D1D /* Supporting Files */ = {
			isa = PBXGroup;
			children = (
				768B5FAA1A412D8100A89D1D /* Info.plist */,
			);
			name = "Supporting Files";
			sourceTree = "<group>";
		};
		768B5FBE1A412D8100A89D1D /* hello-watchkitTests */ = {
			isa = PBXGroup;
			children = (
				768B5FC11A412D8100A89D1D /* hello_watchkitTests.swift */,
				768B5FBF1A412D8100A89D1D /* Supporting Files */,
			);
			path = "hello-watchkitTests";
			sourceTree = "<group>";
		};
		768B5FBF1A412D8100A89D1D /* Supporting Files */ = {
			isa = PBXGroup;
			children = (
				768B5FC01A412D8100A89D1D /* Info.plist */,
			);
			name = "Supporting Files";
			sourceTree = "<group>";
		};
		768B5FD01A412DC900A89D1D /* hello-watchkit WatchKit Extension */ = {
			isa = PBXGroup;
			children = (
				768B5FD31A412DC900A89D1D /* InterfaceController.swift */,
				768B5FEE1A412FE100A89D1D /* MapInterfaceController.swift */,
				768B5FF01A41344300A89D1D /* FeatureInterfaceController.swift */,
				768B5FF21A4139E500A89D1D /* MinionRowController.swift */,
				768B5FF61A413B7900A89D1D /* TableInterfaceController.swift */,
				76F0E7421A413F0800F474BB /* MinionDetailsInterfaceController.swift */,
				768B5FD51A412DC900A89D1D /* Images.xcassets */,
				768B5FD11A412DC900A89D1D /* Supporting Files */,
			);
			path = "hello-watchkit WatchKit Extension";
			sourceTree = "<group>";
		};
		768B5FD11A412DC900A89D1D /* Supporting Files */ = {
			isa = PBXGroup;
			children = (
				768B5FD21A412DC900A89D1D /* Info.plist */,
			);
			name = "Supporting Files";
			sourceTree = "<group>";
		};
		768B5FDD1A412DC900A89D1D /* hello-watchkit WatchKit App */ = {
			isa = PBXGroup;
			children = (
				768B5FE01A412DC900A89D1D /* Interface.storyboard */,
				768B5FE21A412DC900A89D1D /* Images.xcassets */,
				768B5FDE1A412DC900A89D1D /* Supporting Files */,
			);
			path = "hello-watchkit WatchKit App";
			sourceTree = "<group>";
		};
		768B5FDE1A412DC900A89D1D /* Supporting Files */ = {
			isa = PBXGroup;
			children = (
				768B5FDF1A412DC900A89D1D /* Info.plist */,
			);
			name = "Supporting Files";
			sourceTree = "<group>";
		};
/* End PBXGroup section */

/* Begin PBXNativeTarget section */
		768B5FA51A412D8100A89D1D /* hello-watchkit */ = {
			isa = PBXNativeTarget;
			buildConfigurationList = 768B5FC51A412D8100A89D1D /* Build configuration list for PBXNativeTarget "hello-watchkit" */;
			buildPhases = (
				768B5FA21A412D8100A89D1D /* Sources */,
				768B5FA31A412D8100A89D1D /* Frameworks */,
				768B5FA41A412D8100A89D1D /* Resources */,
				768B5FED1A412DCA00A89D1D /* Embed App Extensions */,
			);
			buildRules = (
			);
			dependencies = (
				768B5FE51A412DC900A89D1D /* PBXTargetDependency */,
			);
			name = "hello-watchkit";
			productName = "hello-watchkit";
			productReference = 768B5FA61A412D8100A89D1D /* hello-watchkit.app */;
			productType = "com.apple.product-type.application";
		};
		768B5FBA1A412D8100A89D1D /* hello-watchkitTests */ = {
			isa = PBXNativeTarget;
			buildConfigurationList = 768B5FC81A412D8100A89D1D /* Build configuration list for PBXNativeTarget "hello-watchkitTests" */;
			buildPhases = (
				768B5FB71A412D8100A89D1D /* Sources */,
				768B5FB81A412D8100A89D1D /* Frameworks */,
				768B5FB91A412D8100A89D1D /* Resources */,
			);
			buildRules = (
			);
			dependencies = (
				768B5FBD1A412D8100A89D1D /* PBXTargetDependency */,
			);
			name = "hello-watchkitTests";
			productName = "hello-watchkitTests";
			productReference = 768B5FBB1A412D8100A89D1D /* hello-watchkitTests.xctest */;
			productType = "com.apple.product-type.bundle.unit-test";
		};
		768B5FCE1A412DC900A89D1D /* hello-watchkit WatchKit Extension */ = {
			isa = PBXNativeTarget;
			buildConfigurationList = 768B5FEA1A412DCA00A89D1D /* Build configuration list for PBXNativeTarget "hello-watchkit WatchKit Extension" */;
			buildPhases = (
				768B5FCB1A412DC900A89D1D /* Sources */,
				768B5FCC1A412DC900A89D1D /* Frameworks */,
				768B5FCD1A412DC900A89D1D /* Resources */,
			);
			buildRules = (
			);
			dependencies = (
				768B5FDC1A412DC900A89D1D /* PBXTargetDependency */,
			);
			name = "hello-watchkit WatchKit Extension";
			productName = "hello-watchkit WatchKit Extension";
			productReference = 768B5FCF1A412DC900A89D1D /* hello-watchkit WatchKit Extension.appex */;
			productType = "com.apple.product-type.watchkit-extension";
		};
		768B5FD81A412DC900A89D1D /* hello-watchkit WatchKit App */ = {
			isa = PBXNativeTarget;
			buildConfigurationList = 768B5FE71A412DCA00A89D1D /* Build configuration list for PBXNativeTarget "hello-watchkit WatchKit App" */;
			buildPhases = (
				768B5FD71A412DC900A89D1D /* Resources */,
			);
			buildRules = (
			);
			dependencies = (
			);
			name = "hello-watchkit WatchKit App";
			productName = "hello-watchkit WatchKit App";
			productReference = 768B5FD91A412DC900A89D1D /* hello-watchkit WatchKit App.app */;
			productType = "com.apple.product-type.application.watchapp";
		};
/* End PBXNativeTarget section */

/* Begin PBXProject section */
		768B5F9E1A412D8100A89D1D /* Project object */ = {
			isa = PBXProject;
			attributes = {
				LastUpgradeCheck = 0620;
				ORGANIZATIONNAME = temporary;
				TargetAttributes = {
					768B5FA51A412D8100A89D1D = {
						CreatedOnToolsVersion = 6.2;
					};
					768B5FBA1A412D8100A89D1D = {
						CreatedOnToolsVersion = 6.2;
						TestTargetID = 768B5FA51A412D8100A89D1D;
					};
					768B5FCE1A412DC900A89D1D = {
						CreatedOnToolsVersion = 6.2;
					};
					768B5FD81A412DC900A89D1D = {
						CreatedOnToolsVersion = 6.2;
					};
				};
			};
			buildConfigurationList = 768B5FA11A412D8100A89D1D /* Build configuration list for PBXProject "hello-watchkit" */;
			compatibilityVersion = "Xcode 3.2";
			developmentRegion = English;
			hasScannedForEncodings = 0;
			knownRegions = (
				en,
				Base,
			);
			mainGroup = 768B5F9D1A412D8100A89D1D;
			productRefGroup = 768B5FA71A412D8100A89D1D /* Products */;
			projectDirPath = "";
			projectRoot = "";
			targets = (
				768B5FA51A412D8100A89D1D /* hello-watchkit */,
				768B5FBA1A412D8100A89D1D /* hello-watchkitTests */,
				768B5FCE1A412DC900A89D1D /* hello-watchkit WatchKit Extension */,
				768B5FD81A412DC900A89D1D /* hello-watchkit WatchKit App */,
			);
		};
/* End PBXProject section */

/* Begin PBXResourcesBuildPhase section */
		768B5FA41A412D8100A89D1D /* Resources */ = {
			isa = PBXResourcesBuildPhase;
			buildActionMask = 2147483647;
			files = (
				768B5FB11A412D8100A89D1D /* Main.storyboard in Resources */,
				768B5FB61A412D8100A89D1D /* LaunchScreen.xib in Resources */,
				768B5FB31A412D8100A89D1D /* Images.xcassets in Resources */,
			);
			runOnlyForDeploymentPostprocessing = 0;
		};
		768B5FB91A412D8100A89D1D /* Resources */ = {
			isa = PBXResourcesBuildPhase;
			buildActionMask = 2147483647;
			files = (
			);
			runOnlyForDeploymentPostprocessing = 0;
		};
		768B5FCD1A412DC900A89D1D /* Resources */ = {
			isa = PBXResourcesBuildPhase;
			buildActionMask = 2147483647;
			files = (
				768B5FDA1A412DC900A89D1D /* hello-watchkit WatchKit App.app in Resources */,
				768B5FD61A412DC900A89D1D /* Images.xcassets in Resources */,
			);
			runOnlyForDeploymentPostprocessing = 0;
		};
		768B5FD71A412DC900A89D1D /* Resources */ = {
			isa = PBXResourcesBuildPhase;
			buildActionMask = 2147483647;
			files = (
				768B5FE11A412DC900A89D1D /* Interface.storyboard in Resources */,
				768B5FE31A412DC900A89D1D /* Images.xcassets in Resources */,
			);
			runOnlyForDeploymentPostprocessing = 0;
		};
/* End PBXResourcesBuildPhase section */

/* Begin PBXSourcesBuildPhase section */
		768B5FA21A412D8100A89D1D /* Sources */ = {
			isa = PBXSourcesBuildPhase;
			buildActionMask = 2147483647;
			files = (
				768B5FAE1A412D8100A89D1D /* ViewController.swift in Sources */,
				768B5FAC1A412D8100A89D1D /* AppDelegate.swift in Sources */,
			);
			runOnlyForDeploymentPostprocessing = 0;
		};
		768B5FB71A412D8100A89D1D /* Sources */ = {
			isa = PBXSourcesBuildPhase;
			buildActionMask = 2147483647;
			files = (
				768B5FC21A412D8100A89D1D /* hello_watchkitTests.swift in Sources */,
			);
			runOnlyForDeploymentPostprocessing = 0;
		};
		768B5FCB1A412DC900A89D1D /* Sources */ = {
			isa = PBXSourcesBuildPhase;
			buildActionMask = 2147483647;
			files = (
				76F0E7431A413F0800F474BB /* MinionDetailsInterfaceController.swift in Sources */,
				768B5FF71A413B7900A89D1D /* TableInterfaceController.swift in Sources */,
				768B5FEF1A412FE100A89D1D /* MapInterfaceController.swift in Sources */,
				768B5FF11A41344300A89D1D /* FeatureInterfaceController.swift in Sources */,
				768B5FF31A4139E500A89D1D /* MinionRowController.swift in Sources */,
				768B5FD41A412DC900A89D1D /* InterfaceController.swift in Sources */,
			);
			runOnlyForDeploymentPostprocessing = 0;
		};
/* End PBXSourcesBuildPhase section */

/* Begin PBXTargetDependency section */
		768B5FBD1A412D8100A89D1D /* PBXTargetDependency */ = {
			isa = PBXTargetDependency;
			target = 768B5FA51A412D8100A89D1D /* hello-watchkit */;
			targetProxy = 768B5FBC1A412D8100A89D1D /* PBXContainerItemProxy */;
		};
		768B5FDC1A412DC900A89D1D /* PBXTargetDependency */ = {
			isa = PBXTargetDependency;
			target = 768B5FD81A412DC900A89D1D /* hello-watchkit WatchKit App */;
			targetProxy = 768B5FDB1A412DC900A89D1D /* PBXContainerItemProxy */;
		};
		768B5FE51A412DC900A89D1D /* PBXTargetDependency */ = {
			isa = PBXTargetDependency;
			target = 768B5FCE1A412DC900A89D1D /* hello-watchkit WatchKit Extension */;
			targetProxy = 768B5FE41A412DC900A89D1D /* PBXContainerItemProxy */;
		};
/* End PBXTargetDependency section */

/* Begin PBXVariantGroup section */
		768B5FAF1A412D8100A89D1D /* Main.storyboard */ = {
			isa = PBXVariantGroup;
			children = (
				768B5FB01A412D8100A89D1D /* Base */,
			);
			name = Main.storyboard;
			sourceTree = "<group>";
		};
		768B5FB41A412D8100A89D1D /* LaunchScreen.xib */ = {
			isa = PBXVariantGroup;
			children = (
				768B5FB51A412D8100A89D1D /* Base */,
			);
			name = LaunchScreen.xib;
			sourceTree = "<group>";
		};
/* End PBXVariantGroup section */

/* Begin XCBuildConfiguration section */
		768B5FC31A412D8100A89D1D /* Debug */ = {
			isa = XCBuildConfiguration;
			buildSettings = {
				ALWAYS_SEARCH_USER_PATHS = NO;
				CLANG_CXX_LANGUAGE_STANDARD = "gnu++0x";
				CLANG_CXX_LIBRARY = "libc++";
				CLANG_ENABLE_MODULES = YES;
				CLANG_ENABLE_OBJC_ARC = YES;
				CLANG_WARN_BOOL_CONVERSION = YES;
				CLANG_WARN_CONSTANT_CONVERSION = YES;
				CLANG_WARN_DIRECT_OBJC_ISA_USAGE = YES_ERROR;
				CLANG_WARN_EMPTY_BODY = YES;
				CLANG_WARN_ENUM_CONVERSION = YES;
				CLANG_WARN_INT_CONVERSION = YES;
				CLANG_WARN_OBJC_ROOT_CLASS = YES_ERROR;
				CLANG_WARN_UNREACHABLE_CODE = YES;
				CLANG_WARN__DUPLICATE_METHOD_MATCH = YES;
				"CODE_SIGN_IDENTITY[sdk=iphoneos*]" = "iPhone Developer";
				COPY_PHASE_STRIP = NO;
				ENABLE_STRICT_OBJC_MSGSEND = YES;
				GCC_C_LANGUAGE_STANDARD = gnu99;
				GCC_DYNAMIC_NO_PIC = NO;
				GCC_OPTIMIZATION_LEVEL = 0;
				GCC_PREPROCESSOR_DEFINITIONS = (
					"DEBUG=1",
					"$(inherited)",
				);
				GCC_SYMBOLS_PRIVATE_EXTERN = NO;
				GCC_WARN_64_TO_32_BIT_CONVERSION = YES;
				GCC_WARN_ABOUT_RETURN_TYPE = YES_ERROR;
				GCC_WARN_UNDECLARED_SELECTOR = YES;
				GCC_WARN_UNINITIALIZED_AUTOS = YES_AGGRESSIVE;
				GCC_WARN_UNUSED_FUNCTION = YES;
				GCC_WARN_UNUSED_VARIABLE = YES;
				IPHONEOS_DEPLOYMENT_TARGET = 8.2;
				MTL_ENABLE_DEBUG_INFO = YES;
				ONLY_ACTIVE_ARCH = YES;
				SDKROOT = iphoneos;
				SWIFT_OPTIMIZATION_LEVEL = "-Onone";
				TARGETED_DEVICE_FAMILY = "1,2";
			};
			name = Debug;
		};
		768B5FC41A412D8100A89D1D /* Release */ = {
			isa = XCBuildConfiguration;
			buildSettings = {
				ALWAYS_SEARCH_USER_PATHS = NO;
				CLANG_CXX_LANGUAGE_STANDARD = "gnu++0x";
				CLANG_CXX_LIBRARY = "libc++";
				CLANG_ENABLE_MODULES = YES;
				CLANG_ENABLE_OBJC_ARC = YES;
				CLANG_WARN_BOOL_CONVERSION = YES;
				CLANG_WARN_CONSTANT_CONVERSION = YES;
				CLANG_WARN_DIRECT_OBJC_ISA_USAGE = YES_ERROR;
				CLANG_WARN_EMPTY_BODY = YES;
				CLANG_WARN_ENUM_CONVERSION = YES;
				CLANG_WARN_INT_CONVERSION = YES;
				CLANG_WARN_OBJC_ROOT_CLASS = YES_ERROR;
				CLANG_WARN_UNREACHABLE_CODE = YES;
				CLANG_WARN__DUPLICATE_METHOD_MATCH = YES;
				"CODE_SIGN_IDENTITY[sdk=iphoneos*]" = "iPhone Developer";
				COPY_PHASE_STRIP = YES;
				ENABLE_NS_ASSERTIONS = NO;
				ENABLE_STRICT_OBJC_MSGSEND = YES;
				GCC_C_LANGUAGE_STANDARD = gnu99;
				GCC_WARN_64_TO_32_BIT_CONVERSION = YES;
				GCC_WARN_ABOUT_RETURN_TYPE = YES_ERROR;
				GCC_WARN_UNDECLARED_SELECTOR = YES;
				GCC_WARN_UNINITIALIZED_AUTOS = YES_AGGRESSIVE;
				GCC_WARN_UNUSED_FUNCTION = YES;
				GCC_WARN_UNUSED_VARIABLE = YES;
				IPHONEOS_DEPLOYMENT_TARGET = 8.2;
				MTL_ENABLE_DEBUG_INFO = NO;
				SDKROOT = iphoneos;
				TARGETED_DEVICE_FAMILY = "1,2";
				VALIDATE_PRODUCT = YES;
			};
			name = Release;
		};
		768B5FC61A412D8100A89D1D /* Debug */ = {
			isa = XCBuildConfiguration;
			buildSettings = {
				ASSETCATALOG_COMPILER_APPICON_NAME = AppIcon;
				EMBEDDED_CONTENT_CONTAINS_SWIFT = YES;
				INFOPLIST_FILE = "hello-watchkit/Info.plist";
				LD_RUNPATH_SEARCH_PATHS = "$(inherited) @executable_path/Frameworks";
				PRODUCT_NAME = "$(TARGET_NAME)";
			};
			name = Debug;
		};
		768B5FC71A412D8100A89D1D /* Release */ = {
			isa = XCBuildConfiguration;
			buildSettings = {
				ASSETCATALOG_COMPILER_APPICON_NAME = AppIcon;
				EMBEDDED_CONTENT_CONTAINS_SWIFT = YES;
				INFOPLIST_FILE = "hello-watchkit/Info.plist";
				LD_RUNPATH_SEARCH_PATHS = "$(inherited) @executable_path/Frameworks";
				PRODUCT_NAME = "$(TARGET_NAME)";
			};
			name = Release;
		};
		768B5FC91A412D8100A89D1D /* Debug */ = {
			isa = XCBuildConfiguration;
			buildSettings = {
				BUNDLE_LOADER = "$(TEST_HOST)";
				FRAMEWORK_SEARCH_PATHS = (
					"$(SDKROOT)/Developer/Library/Frameworks",
					"$(inherited)",
				);
				GCC_PREPROCESSOR_DEFINITIONS = (
					"DEBUG=1",
					"$(inherited)",
				);
				INFOPLIST_FILE = "hello-watchkitTests/Info.plist";
				LD_RUNPATH_SEARCH_PATHS = "$(inherited) @executable_path/Frameworks @loader_path/Frameworks";
				PRODUCT_NAME = "$(TARGET_NAME)";
				TEST_HOST = "$(BUILT_PRODUCTS_DIR)/hello-watchkit.app/hello-watchkit";
			};
			name = Debug;
		};
		768B5FCA1A412D8100A89D1D /* Release */ = {
			isa = XCBuildConfiguration;
			buildSettings = {
				BUNDLE_LOADER = "$(TEST_HOST)";
				FRAMEWORK_SEARCH_PATHS = (
					"$(SDKROOT)/Developer/Library/Frameworks",
					"$(inherited)",
				);
				INFOPLIST_FILE = "hello-watchkitTests/Info.plist";
				LD_RUNPATH_SEARCH_PATHS = "$(inherited) @executable_path/Frameworks @loader_path/Frameworks";
				PRODUCT_NAME = "$(TARGET_NAME)";
				TEST_HOST = "$(BUILT_PRODUCTS_DIR)/hello-watchkit.app/hello-watchkit";
			};
			name = Release;
		};
		768B5FE81A412DCA00A89D1D /* Debug */ = {
			isa = XCBuildConfiguration;
			buildSettings = {
				ASSETCATALOG_COMPILER_APPICON_NAME = AppIcon;
				ASSETCATALOG_COMPILER_LAUNCHIMAGE_NAME = LaunchImage;
				GCC_PREPROCESSOR_DEFINITIONS = (
					"DEBUG=1",
					"$(inherited)",
				);
				IBSC_MODULE = hello_watchkit_WatchKit_Extension;
				INFOPLIST_FILE = "hello-watchkit WatchKit App/Info.plist";
				PRODUCT_NAME = "$(TARGET_NAME)";
				SKIP_INSTALL = YES;
				TARGETED_DEVICE_FAMILY = 4;
				"TARGETED_DEVICE_FAMILY[sdk=iphonesimulator*]" = "1,4";
			};
			name = Debug;
		};
		768B5FE91A412DCA00A89D1D /* Release */ = {
			isa = XCBuildConfiguration;
			buildSettings = {
				ASSETCATALOG_COMPILER_APPICON_NAME = AppIcon;
				ASSETCATALOG_COMPILER_LAUNCHIMAGE_NAME = LaunchImage;
				IBSC_MODULE = hello_watchkit_WatchKit_Extension;
				INFOPLIST_FILE = "hello-watchkit WatchKit App/Info.plist";
				PRODUCT_NAME = "$(TARGET_NAME)";
				SKIP_INSTALL = YES;
				TARGETED_DEVICE_FAMILY = 4;
				"TARGETED_DEVICE_FAMILY[sdk=iphonesimulator*]" = "1,4";
			};
			name = Release;
		};
		768B5FEB1A412DCA00A89D1D /* Debug */ = {
			isa = XCBuildConfiguration;
			buildSettings = {
				GCC_PREPROCESSOR_DEFINITIONS = (
					"DEBUG=1",
					"$(inherited)",
				);
				INFOPLIST_FILE = "hello-watchkit WatchKit Extension/Info.plist";
				LD_RUNPATH_SEARCH_PATHS = "$(inherited) @executable_path/Frameworks @executable_path/../../Frameworks";
				PRODUCT_NAME = "${TARGET_NAME}";
				SKIP_INSTALL = YES;
			};
			name = Debug;
		};
		768B5FEC1A412DCA00A89D1D /* Release */ = {
			isa = XCBuildConfiguration;
			buildSettings = {
				INFOPLIST_FILE = "hello-watchkit WatchKit Extension/Info.plist";
				LD_RUNPATH_SEARCH_PATHS = "$(inherited) @executable_path/Frameworks @executable_path/../../Frameworks";
				PRODUCT_NAME = "${TARGET_NAME}";
				SKIP_INSTALL = YES;
			};
			name = Release;
		};
/* End XCBuildConfiguration section */

/* Begin XCConfigurationList section */
		768B5FA11A412D8100A89D1D /* Build configuration list for PBXProject "hello-watchkit" */ = {
			isa = XCConfigurationList;
			buildConfigurations = (
				768B5FC31A412D8100A89D1D /* Debug */,
				768B5FC41A412D8100A89D1D /* Release */,
			);
			defaultConfigurationIsVisible = 0;
			defaultConfigurationName = Release;
		};
		768B5FC51A412D8100A89D1D /* Build configuration list for PBXNativeTarget "hello-watchkit" */ = {
			isa = XCConfigurationList;
			buildConfigurations = (
				768B5FC61A412D8100A89D1D /* Debug */,
				768B5FC71A412D8100A89D1D /* Release */,
			);
			defaultConfigurationIsVisible = 0;
			defaultConfigurationName = Release;
		};
		768B5FC81A412D8100A89D1D /* Build configuration list for PBXNativeTarget "hello-watchkitTests" */ = {
			isa = XCConfigurationList;
			buildConfigurations = (
				768B5FC91A412D8100A89D1D /* Debug */,
				768B5FCA1A412D8100A89D1D /* Release */,
			);
			defaultConfigurationIsVisible = 0;
			defaultConfigurationName = Release;
		};
		768B5FE71A412DCA00A89D1D /* Build configuration list for PBXNativeTarget "hello-watchkit WatchKit App" */ = {
			isa = XCConfigurationList;
			buildConfigurations = (
				768B5FE81A412DCA00A89D1D /* Debug */,
				768B5FE91A412DCA00A89D1D /* Release */,
			);
			defaultConfigurationIsVisible = 0;
			defaultConfigurationName = Release;
		};
		768B5FEA1A412DCA00A89D1D /* Build configuration list for PBXNativeTarget "hello-watchkit WatchKit Extension" */ = {
			isa = XCConfigurationList;
			buildConfigurations = (
				768B5FEB1A412DCA00A89D1D /* Debug */,
				768B5FEC1A412DCA00A89D1D /* Release */,
			);
			defaultConfigurationIsVisible = 0;
			defaultConfigurationName = Release;
		};
/* End XCConfigurationList section */
	};
	rootObject = 768B5F9E1A412D8100A89D1D /* Project object */;
}
